
Microsoft Visual Studio Solution File, Format Version 12.00
# Visual Studio Version 17
VisualStudioVersion = 17.13.35825.156
MinimumVisualStudioVersion = 10.0.40219.1
Project("{FAE04EC0-301F-11D3-BF4B-00C04F79EFBC}") = "HotelAPI", "HotelAPI.csproj", "{8495412E-6285-8EF0-5B45-EDF5D07F2F0F}"
EndProject
Project("{FAE04EC0-301F-11D3-BF4B-00C04F79EFBC}") = "HotelAPI.Domain", "..\HotelModels\HotelAPI.Domain.csproj", "{DD43038E-DFBE-4550-2EE6-E917B0E6B685}"
EndProject
Project("{FAE04EC0-301F-11D3-BF4B-00C04F79EFBC}") = "HotelAPI.Infrastructure", "..\HotelRepository\HotelAPI.Infrastructure.csproj", "{CF57BFD4-5747-E5A6-561D-AA1F700168AF}"
EndProject
Project("{FAE04EC0-301F-11D3-BF4B-00C04F79EFBC}") = "HotelAPI.Application", "..\Services\HotelAPI.Application.csproj", "{3B48537F-5C9C-2036-1EE4-B1F419FA6D4F}"
EndProject
Global
	GlobalSection(SolutionConfigurationPlatforms) = preSolution
		Debug|Any CPU = Debug|Any CPU
		Release|Any CPU = Release|Any CPU
	EndGlobalSection
	GlobalSection(ProjectConfigurationPlatforms) = postSolution
		{8495412E-6285-8EF0-5B45-EDF5D07F2F0F}.Debug|Any CPU.ActiveCfg = Debug|Any CPU
		{8495412E-6285-8EF0-5B45-EDF5D07F2F0F}.Debug|Any CPU.Build.0 = Debug|Any CPU
		{8495412E-6285-8EF0-5B45-EDF5D07F2F0F}.Release|Any CPU.ActiveCfg = Release|Any CPU
		{8495412E-6285-8EF0-5B45-EDF5D07F2F0F}.Release|Any CPU.Build.0 = Release|Any CPU
		{DD43038E-DFBE-4550-2EE6-E917B0E6B685}.Debug|Any CPU.ActiveCfg = Debug|Any CPU
		{DD43038E-DFBE-4550-2EE6-E917B0E6B685}.Debug|Any CPU.Build.0 = Debug|Any CPU
		{DD43038E-DFBE-4550-2EE6-E917B0E6B685}.Release|Any CPU.ActiveCfg = Release|Any CPU
		{DD43038E-DFBE-4550-2EE6-E917B0E6B685}.Release|Any CPU.Build.0 = Release|Any CPU
		{CF57BFD4-5747-E5A6-561D-AA1F700168AF}.Debug|Any CPU.ActiveCfg = Debug|Any CPU
		{CF57BFD4-5747-E5A6-561D-AA1F700168AF}.Debug|Any CPU.Build.0 = Debug|Any CPU
		{CF57BFD4-5747-E5A6-561D-AA1F700168AF}.Release|Any CPU.ActiveCfg = Release|Any CPU
		{CF57BFD4-5747-E5A6-561D-AA1F700168AF}.Release|Any CPU.Build.0 = Release|Any CPU
		{3B48537F-5C9C-2036-1EE4-B1F419FA6D4F}.Debug|Any CPU.ActiveCfg = Debug|Any CPU
		{3B48537F-5C9C-2036-1EE4-B1F419FA6D4F}.Debug|Any CPU.Build.0 = Debug|Any CPU
		{3B48537F-5C9C-2036-1EE4-B1F419FA6D4F}.Release|Any CPU.ActiveCfg = Release|Any CPU
		{3B48537F-5C9C-2036-1EE4-B1F419FA6D4F}.Release|Any CPU.Build.0 = Release|Any CPU
	EndGlobalSection
	GlobalSection(SolutionProperties) = preSolution
		HideSolutionNode = FALSE
	EndGlobalSection
	GlobalSection(ExtensibilityGlobals) = postSolution
		SolutionGuid = {D764F558-D89F-4B26-8DCD-0F29425D7F81}
	EndGlobalSection
EndGlobal
